# THIS IS AN AUTOGENERATED FILE. DO NOT EDIT THIS FILE DIRECTLY.
# yarn lockfile v1


strapi-plugin-settings-manager@^3.0.0-alpha.13.0.1:
  version "3.0.0-alpha.13.0.1"
  resolved "https://registry.yarnpkg.com/strapi-plugin-settings-manager/-/strapi-plugin-settings-manager-3.0.0-alpha.13.0.1.tgz#5cfe54a7054ec318db98db0a9570a8423efe79d7"
