# THIS IS AN AUTOGENERATED FILE. DO NOT EDIT THIS FILE DIRECTLY.
# yarn lockfile v1


any-promise@^1.1.0:
  version "1.3.0"
  resolved "https://registry.yarnpkg.com/any-promise/-/any-promise-1.3.0.tgz#abc6afeedcea52e809cdc0376aed3ce39635d17f"

copy-to-clipboard@^3:
  version "3.0.8"
  resolved "https://registry.yarnpkg.com/copy-to-clipboard/-/copy-to-clipboard-3.0.8.tgz#f4e82f4a8830dce4666b7eb8ded0c9bcc313aba9"
  dependencies:
    toggle-selection "^1.0.3"

"js-tokens@^3.0.0 || ^4.0.0":
  version "4.0.0"
  resolved "https://registry.yarnpkg.com/js-tokens/-/js-tokens-4.0.0.tgz#19203fb59991df98e3a287050d4647cdeaf32499"

loose-envify@^1.3.1:
  version "1.4.0"
  resolved "https://registry.yarnpkg.com/loose-envify/-/loose-envify-1.4.0.tgz#71ee51fa7be4caec1a63839f7e682d8132d30caf"
  dependencies:
    js-tokens "^3.0.0 || ^4.0.0"

object-assign@^4.1.1:
  version "4.1.1"
  resolved "https://registry.yarnpkg.com/object-assign/-/object-assign-4.1.1.tgz#2109adc7965887cfc05cbbd442cac8bfbb360863"

prop-types@^15.5.8:
  version "15.6.2"
  resolved "https://registry.yarnpkg.com/prop-types/-/prop-types-15.6.2.tgz#05d5ca77b4453e985d60fc7ff8c859094a497102"
  dependencies:
    loose-envify "^1.3.1"
    object-assign "^4.1.1"

react-copy-to-clipboard@^5.0.1:
  version "5.0.1"
  resolved "https://registry.yarnpkg.com/react-copy-to-clipboard/-/react-copy-to-clipboard-5.0.1.tgz#8eae107bb400be73132ed3b6a7b4fb156090208e"
  dependencies:
    copy-to-clipboard "^3"
    prop-types "^15.5.8"

strapi-plugin-upload@^3.0.0-alpha.13.0.1:
  version "3.0.0-alpha.13.0.1"
  resolved "https://registry.yarnpkg.com/strapi-plugin-upload/-/strapi-plugin-upload-3.0.0-alpha.13.0.1.tgz#95fa2d747bf5d709311afc0e75032a902c12e07e"
  dependencies:
    react-copy-to-clipboard "^5.0.1"
    strapi-upload-local "3.0.0-alpha.13.0.1"
    stream-to-array "^2.3.0"
    uuid "^3.2.1"

strapi-upload-local@3.0.0-alpha.13.0.1:
  version "3.0.0-alpha.13.0.1"
  resolved "https://registry.yarnpkg.com/strapi-upload-local/-/strapi-upload-local-3.0.0-alpha.13.0.1.tgz#e9acc582519b2f4dcef3e6c967220baae471de15"

stream-to-array@^2.3.0:
  version "2.3.0"
  resolved "https://registry.yarnpkg.com/stream-to-array/-/stream-to-array-2.3.0.tgz#bbf6b39f5f43ec30bc71babcb37557acecf34353"
  dependencies:
    any-promise "^1.1.0"

toggle-selection@^1.0.3:
  version "1.0.6"
  resolved "https://registry.yarnpkg.com/toggle-selection/-/toggle-selection-1.0.6.tgz#6e45b1263f2017fa0acc7d89d78b15b8bf77da32"

uuid@^3.2.1:
  version "3.3.2"
  resolved "https://registry.yarnpkg.com/uuid/-/uuid-3.3.2.tgz#1b4af4955eb3077c501c23872fc6513811587131"
