# THIS IS AN AUTOGENERATED FILE. DO NOT EDIT THIS FILE DIRECTLY.
# yarn lockfile v1


strapi-plugin-content-manager@^3.0.0-alpha.13.0.1:
  version "3.0.0-alpha.13.0.1"
  resolved "https://registry.yarnpkg.com/strapi-plugin-content-manager/-/strapi-plugin-content-manager-3.0.0-alpha.13.0.1.tgz#ab645abce3555686238bd95c186f0de70fbe86db"
